// !$*UTF8*$!
{
	archiveVersion = 1;
	classes = {
	};
	objectVersion = 46;
	objects = {

/* Begin PBXBuildFile section */
		024F2B7B1C434AEC0080DCB3 /* AppDelegate.swift in Sources */ = {isa = PBXBuildFile; fileRef = 024F2B7A1C434AEC0080DCB3 /* AppDelegate.swift */; };
		024F2B7D1C434AEC0080DCB3 /* ViewController.swift in Sources */ = {isa = PBXBuildFile; fileRef = 024F2B7C1C434AEC0080DCB3 /* ViewController.swift */; };
		024F2B801C434AEC0080DCB3 /* Main.storyboard in Resources */ = {isa = PBXBuildFile; fileRef = 024F2B7E1C434AEC0080DCB3 /* Main.storyboard */; };
		024F2B821C434AEC0080DCB3 /* Assets.xcassets in Resources */ = {isa = PBXBuildFile; fileRef = 024F2B811C434AEC0080DCB3 /* Assets.xcassets */; };
		024F2B851C434AEC0080DCB3 /* LaunchScreen.storyboard in Resources */ = {isa = PBXBuildFile; fileRef = 024F2B831C434AEC0080DCB3 /* LaunchScreen.storyboard */; };
		024F2B901C434AEC0080DCB3 /* MapasTareaTecTests.swift in Sources */ = {isa = PBXBuildFile; fileRef = 024F2B8F1C434AEC0080DCB3 /* MapasTareaTecTests.swift */; };
		024F2B9B1C434AED0080DCB3 /* MapasTareaTecUITests.swift in Sources */ = {isa = PBXBuildFile; fileRef = 024F2B9A1C434AED0080DCB3 /* MapasTareaTecUITests.swift */; };
/* End PBXBuildFile section */

/* Begin PBXContainerItemProxy section */
		024F2B8C1C434AEC0080DCB3 /* PBXContainerItemProxy */ = {
			isa = PBXContainerItemProxy;
			containerPortal = 024F2B6F1C434AEB0080DCB3 /* Project object */;
			proxyType = 1;
			remoteGlobalIDString = 024F2B761C434AEB0080DCB3;
			remoteInfo = MapasTareaTec;
		};
		024F2B971C434AED0080DCB3 /* PBXContainerItemProxy */ = {
			isa = PBXContainerItemProxy;
			containerPortal = 024F2B6F1C434AEB0080DCB3 /* Project object */;
			proxyType = 1;
			remoteGlobalIDString = 024F2B761C434AEB0080DCB3;
			remoteInfo = MapasTareaTec;
		};
/* End PBXContainerItemProxy section */

/* Begin PBXFileReference section */
		024F2B771C434AEC0080DCB3 /* MapasTareaTec.app */ = {isa = PBXFileReference; explicitFileType = wrapper.application; includeInIndex = 0; path = MapasTareaTec.app; sourceTree = BUILT_PRODUCTS_DIR; };
		024F2B7A1C434AEC0080DCB3 /* AppDelegate.swift */ = {isa = PBXFileReference; lastKnownFileType = sourcecode.swift; path = AppDelegate.swift; sourceTree = "<group>"; };
		024F2B7C1C434AEC0080DCB3 /* ViewController.swift */ = {isa = PBXFileReference; lastKnownFileType = sourcecode.swift; path = ViewController.swift; sourceTree = "<group>"; };
		024F2B7F1C434AEC0080DCB3 /* Base */ = {isa = PBXFileReference; lastKnownFileType = file.storyboard; name = Base; path = Base.lproj/Main.storyboard; sourceTree = "<group>"; };
		024F2B811C434AEC0080DCB3 /* Assets.xcassets */ = {isa = PBXFileReference; lastKnownFileType = folder.assetcatalog; path = Assets.xcassets; sourceTree = "<group>"; };
		024F2B841C434AEC0080DCB3 /* Base */ = {isa = PBXFileReference; lastKnownFileType = file.storyboard; name = Base; path = Base.lproj/LaunchScreen.storyboard; sourceTree = "<group>"; };
		024F2B861C434AEC0080DCB3 /* Info.plist */ = {isa = PBXFileReference; lastKnownFileType = text.plist.xml; path = Info.plist; sourceTree = "<group>"; };
		024F2B8B1C434AEC0080DCB3 /* MapasTareaTecTests.xctest */ = {isa = PBXFileReference; explicitFileType = wrapper.cfbundle; includeInIndex = 0; path = MapasTareaTecTests.xctest; sourceTree = BUILT_PRODUCTS_DIR; };
		024F2B8F1C434AEC0080DCB3 /* MapasTareaTecTests.swift */ = {isa = PBXFileReference; lastKnownFileType = sourcecode.swift; path = MapasTareaTecTests.swift; sourceTree = "<group>"; };
		024F2B911C434AEC0080DCB3 /* Info.plist */ = {isa = PBXFileReference; lastKnownFileType = text.plist.xml; path = Info.plist; sourceTree = "<group>"; };
		024F2B961C434AED0080DCB3 /* MapasTareaTecUITests.xctest */ = {isa = PBXFileReference; explicitFileType = wrapper.cfbundle; includeInIndex = 0; path = MapasTareaTecUITests.xctest; sourceTree = BUILT_PRODUCTS_DIR; };
		024F2B9A1C434AED0080DCB3 /* MapasTareaTecUITests.swift */ = {isa = PBXFileReference; lastKnownFileType = sourcecode.swift; path = MapasTareaTecUITests.swift; sourceTree = "<group>"; };
		024F2B9C1C434AED0080DCB3 /* Info.plist */ = {isa = PBXFileReference; lastKnownFileType = text.plist.xml; path = Info.plist; sourceTree = "<group>"; };
/* End PBXFileReference section */

/* Begin PBXFrameworksBuildPhase section */
		024F2B741C434AEB0080DCB3 /* Frameworks */ = {
			isa = PBXFrameworksBuildPhase;
			buildActionMask = 2147483647;
			files = (
			);
			runOnlyForDeploymentPostprocessing = 0;
		};
		024F2B881C434AEC0080DCB3 /* Frameworks */ = {
			isa = PBXFrameworksBuildPhase;
			buildActionMask = 2147483647;
			files = (
			);
			runOnlyForDeploymentPostprocessing = 0;
		};
		024F2B931C434AEC0080DCB3 /* Frameworks */ = {
			isa = PBXFrameworksBuildPhase;
			buildActionMask = 2147483647;
			files = (
			);
			runOnlyForDeploymentPostprocessing = 0;
		};
/* End PBXFrameworksBuildPhase section */

/* Begin PBXGroup section */
		024F2B6E1C434AEB0080DCB3 = {
			isa = PBXGroup;
			children = (
				024F2B791C434AEC0080DCB3 /* MapasTareaTec */,
				024F2B8E1C434AEC0080DCB3 /* MapasTareaTecTests */,
				024F2B991C434AED0080DCB3 /* MapasTareaTecUITests */,
				024F2B781C434AEC0080DCB3 /* Products */,
			);
			sourceTree = "<group>";
		};
		024F2B781C434AEC0080DCB3 /* Products */ = {
			isa = PBXGroup;
			children = (
				024F2B771C434AEC0080DCB3 /* MapasTareaTec.app */,
				024F2B8B1C434AEC0080DCB3 /* MapasTareaTecTests.xctest */,
				024F2B961C434AED0080DCB3 /* MapasTareaTecUITests.xctest */,
			);
			name = Products;
			sourceTree = "<group>";
		};
		024F2B791C434AEC0080DCB3 /* MapasTareaTec */ = {
			isa = PBXGroup;
			children = (
				024F2B7A1C434AEC0080DCB3 /* AppDelegate.swift */,
				024F2B7C1C434AEC0080DCB3 /* ViewController.swift */,
				024F2B7E1C434AEC0080DCB3 /* Main.storyboard */,
				024F2B811C434AEC0080DCB3 /* Assets.xcassets */,
				024F2B831C434AEC0080DCB3 /* LaunchScreen.storyboard */,
				024F2B861C434AEC0080DCB3 /* Info.plist */,
			);
			path = MapasTareaTec;
			sourceTree = "<group>";
		};
		024F2B8E1C434AEC0080DCB3 /* MapasTareaTecTests */ = {
			isa = PBXGroup;
			children = (
				024F2B8F1C434AEC0080DCB3 /* MapasTareaTecTests.swift */,
				024F2B911C434AEC0080DCB3 /* Info.plist */,
			);
			path = MapasTareaTecTests;
			sourceTree = "<group>";
		};
		024F2B991C434AED0080DCB3 /* MapasTareaTecUITests */ = {
			isa = PBXGroup;
			children = (
				024F2B9A1C434AED0080DCB3 /* MapasTareaTecUITests.swift */,
				024F2B9C1C434AED0080DCB3 /* Info.plist */,
			);
			path = MapasTareaTecUITests;
			sourceTree = "<group>";
		};
/* End PBXGroup section */

/* Begin PBXNativeTarget section */
		024F2B761C434AEB0080DCB3 /* MapasTareaTec */ = {
			isa = PBXNativeTarget;
			buildConfigurationList = 024F2B9F1C434AED0080DCB3 /* Build configuration list for PBXNativeTarget "MapasTareaTec" */;
			buildPhases = (
				024F2B731C434AEB0080DCB3 /* Sources */,
				024F2B741C434AEB0080DCB3 /* Frameworks */,
				024F2B751C434AEB0080DCB3 /* Resources */,
			);
			buildRules = (
			);
			dependencies = (
			);
			name = MapasTareaTec;
			productName = MapasTareaTec;
			productReference = 024F2B771C434AEC0080DCB3 /* MapasTareaTec.app */;
			productType = "com.apple.product-type.application";
		};
		024F2B8A1C434AEC0080DCB3 /* MapasTareaTecTests */ = {
			isa = PBXNativeTarget;
			buildConfigurationList = 024F2BA21C434AED0080DCB3 /* Build configuration list for PBXNativeTarget "MapasTareaTecTests" */;
			buildPhases = (
				024F2B871C434AEC0080DCB3 /* Sources */,
				024F2B881C434AEC0080DCB3 /* Frameworks */,
				024F2B891C434AEC0080DCB3 /* Resources */,
			);
			buildRules = (
			);
			dependencies = (
				024F2B8D1C434AEC0080DCB3 /* PBXTargetDependency */,
			);
			name = MapasTareaTecTests;
			productName = MapasTareaTecTests;
			productReference = 024F2B8B1C434AEC0080DCB3 /* MapasTareaTecTests.xctest */;
			productType = "com.apple.product-type.bundle.unit-test";
		};
		024F2B951C434AEC0080DCB3 /* MapasTareaTecUITests */ = {
			isa = PBXNativeTarget;
			buildConfigurationList = 024F2BA51C434AED0080DCB3 /* Build configuration list for PBXNativeTarget "MapasTareaTecUITests" */;
			buildPhases = (
				024F2B921C434AEC0080DCB3 /* Sources */,
				024F2B931C434AEC0080DCB3 /* Frameworks */,
				024F2B941C434AEC0080DCB3 /* Resources */,
			);
			buildRules = (
			);
			dependencies = (
				024F2B981C434AED0080DCB3 /* PBXTargetDependency */,
			);
			name = MapasTareaTecUITests;
			productName = MapasTareaTecUITests;
			productReference = 024F2B961C434AED0080DCB3 /* MapasTareaTecUITests.xctest */;
			productType = "com.apple.product-type.bundle.ui-testing";
		};
/* End PBXNativeTarget section */

/* Begin PBXProject section */
		024F2B6F1C434AEB0080DCB3 /* Project object */ = {
			isa = PBXProject;
			attributes = {
				LastSwiftUpdateCheck = 0720;
				LastUpgradeCheck = 0720;
				ORGANIZATIONNAME = "Francisco Humberto Andrade Gonzalez";
				TargetAttributes = {
					024F2B761C434AEB0080DCB3 = {
						CreatedOnToolsVersion = 7.2;
					};
					024F2B8A1C434AEC0080DCB3 = {
						CreatedOnToolsVersion = 7.2;
						TestTargetID = 024F2B761C434AEB0080DCB3;
					};
					024F2B951C434AEC0080DCB3 = {
						CreatedOnToolsVersion = 7.2;
						TestTargetID = 024F2B761C434AEB0080DCB3;
					};
				};
			};
			buildConfigurationList = 024F2B721C434AEB0080DCB3 /* Build configuration list for PBXProject "MapasTareaTec" */;
			compatibilityVersion = "Xcode 3.2";
			developmentRegion = English;
			hasScannedForEncodings = 0;
			knownRegions = (
				en,
				Base,
			);
			mainGroup = 024F2B6E1C434AEB0080DCB3;
			productRefGroup = 024F2B781C434AEC0080DCB3 /* Products */;
			projectDirPath = "";
			projectRoot = "";
			targets = (
				024F2B761C434AEB0080DCB3 /* MapasTareaTec */,
				024F2B8A1C434AEC0080DCB3 /* MapasTareaTecTests */,
				024F2B951C434AEC0080DCB3 /* MapasTareaTecUITests */,
			);
		};
/* End PBXProject section */

/* Begin PBXResourcesBuildPhase section */
		024F2B751C434AEB0080DCB3 /* Resources */ = {
			isa = PBXResourcesBuildPhase;
			buildActionMask = 2147483647;
			files = (
				024F2B851C434AEC0080DCB3 /* LaunchScreen.storyboard in Resources */,
				024F2B821C434AEC0080DCB3 /* Assets.xcassets in Resources */,
				024F2B801C434AEC0080DCB3 /* Main.storyboard in Resources */,
			);
			runOnlyForDeploymentPostprocessing = 0;
		};
		024F2B891C434AEC0080DCB3 /* Resources */ = {
			isa = PBXResourcesBuildPhase;
			buildActionMask = 2147483647;
			files = (
			);
			runOnlyForDeploymentPostprocessing = 0;
		};
		024F2B941C434AEC0080DCB3 /* Resources */ = {
			isa = PBXResourcesBuildPhase;
			buildActionMask = 2147483647;
			files = (
			);
			runOnlyForDeploymentPostprocessing = 0;
		};
/* End PBXResourcesBuildPhase section */

/* Begin PBXSourcesBuildPhase section */
		024F2B731C434AEB0080DCB3 /* Sources */ = {
			isa = PBXSourcesBuildPhase;
			buildActionMask = 2147483647;
			files = (
				024F2B7D1C434AEC0080DCB3 /* ViewController.swift in Sources */,
				024F2B7B1C434AEC0080DCB3 /* AppDelegate.swift in Sources */,
			);
			runOnlyForDeploymentPostprocessing = 0;
		};
		024F2B871C434AEC0080DCB3 /* Sources */ = {
			isa = PBXSourcesBuildPhase;
			buildActionMask = 2147483647;
			files = (
				024F2B901C434AEC0080DCB3 /* MapasTareaTecTests.swift in Sources */,
			);
			runOnlyForDeploymentPostprocessing = 0;
		};
		024F2B921C434AEC0080DCB3 /* Sources */ = {
			isa = PBXSourcesBuildPhase;
			buildActionMask = 2147483647;
			files = (
				024F2B9B1C434AED0080DCB3 /* MapasTareaTecUITests.swift in Sources */,
			);
			runOnlyForDeploymentPostprocessing = 0;
		};
/* End PBXSourcesBuildPhase section */

/* Begin PBXTargetDependency section */
		024F2B8D1C434AEC0080DCB3 /* PBXTargetDependency */ = {
			isa = PBXTargetDependency;
			target = 024F2B761C434AEB0080DCB3 /* MapasTareaTec */;
			targetProxy = 024F2B8C1C434AEC0080DCB3 /* PBXContainerItemProxy */;
		};
		024F2B981C434AED0080DCB3 /* PBXTargetDependency */ = {
			isa = PBXTargetDependency;
			target = 024F2B761C434AEB0080DCB3 /* MapasTareaTec */;
			targetProxy = 024F2B971C434AED0080DCB3 /* PBXContainerItemProxy */;
		};
/* End PBXTargetDependency section */

/* Begin PBXVariantGroup section */
		024F2B7E1C434AEC0080DCB3 /* Main.storyboard */ = {
			isa = PBXVariantGroup;
			children = (
				024F2B7F1C434AEC0080DCB3 /* Base */,
			);
			name = Main.storyboard;
			sourceTree = "<group>";
		};
		024F2B831C434AEC0080DCB3 /* LaunchScreen.storyboard */ = {
			isa = PBXVariantGroup;
			children = (
				024F2B841C434AEC0080DCB3 /* Base */,
			);
			name = LaunchScreen.storyboard;
			sourceTree = "<group>";
		};
/* End PBXVariantGroup section */

/* Begin XCBuildConfiguration section */
		024F2B9D1C434AED0080DCB3 /* Debug */ = {
			isa = XCBuildConfiguration;
			buildSettings = {
				ALWAYS_SEARCH_USER_PATHS = NO;
				CLANG_CXX_LANGUAGE_STANDARD = "gnu++0x";
				CLANG_CXX_LIBRARY = "libc++";
				CLANG_ENABLE_MODULES = YES;
				CLANG_ENABLE_OBJC_ARC = YES;
				CLANG_WARN_BOOL_CONVERSION = YES;
				CLANG_WARN_CONSTANT_CONVERSION = YES;
				CLANG_WARN_DIRECT_OBJC_ISA_USAGE = YES_ERROR;
				CLANG_WARN_EMPTY_BODY = YES;
				CLANG_WARN_ENUM_CONVERSION = YES;
				CLANG_WARN_INT_CONVERSION = YES;
				CLANG_WARN_OBJC_ROOT_CLASS = YES_ERROR;
				CLANG_WARN_UNREACHABLE_CODE = YES;
				CLANG_WARN__DUPLICATE_METHOD_MATCH = YES;
				"CODE_SIGN_IDENTITY[sdk=iphoneos*]" = "iPhone Developer";
				COPY_PHASE_STRIP = NO;
				DEBUG_INFORMATION_FORMAT = dwarf;
				ENABLE_STRICT_OBJC_MSGSEND = YES;
				ENABLE_TESTABILITY = YES;
				GCC_C_LANGUAGE_STANDARD = gnu99;
				GCC_DYNAMIC_NO_PIC = NO;
				GCC_NO_COMMON_BLOCKS = YES;
				GCC_OPTIMIZATION_LEVEL = 0;
				GCC_PREPROCESSOR_DEFINITIONS = (
					"DEBUG=1",
					"$(inherited)",
				);
				GCC_WARN_64_TO_32_BIT_CONVERSION = YES;
				GCC_WARN_ABOUT_RETURN_TYPE = YES_ERROR;
				GCC_WARN_UNDECLARED_SELECTOR = YES;
				GCC_WARN_UNINITIALIZED_AUTOS = YES_AGGRESSIVE;
				GCC_WARN_UNUSED_FUNCTION = YES;
				GCC_WARN_UNUSED_VARIABLE = YES;
				IPHONEOS_DEPLOYMENT_TARGET = 9.2;
				MTL_ENABLE_DEBUG_INFO = YES;
				ONLY_ACTIVE_ARCH = YES;
				SDKROOT = iphoneos;
				SWIFT_OPTIMIZATION_LEVEL = "-Onone";
				TARGETED_DEVICE_FAMILY = "1,2";
			};
			name = Debug;
		};
		024F2B9E1C434AED0080DCB3 /* Release */ = {
			isa = XCBuildConfiguration;
			buildSettings = {
				ALWAYS_SEARCH_USER_PATHS = NO;
				CLANG_CXX_LANGUAGE_STANDARD = "gnu++0x";
				CLANG_CXX_LIBRARY = "libc++";
				CLANG_ENABLE_MODULES = YES;
				CLANG_ENABLE_OBJC_ARC = YES;
				CLANG_WARN_BOOL_CONVERSION = YES;
				CLANG_WARN_CONSTANT_CONVERSION = YES;
				CLANG_WARN_DIRECT_OBJC_ISA_USAGE = YES_ERROR;
				CLANG_WARN_EMPTY_BODY = YES;
				CLANG_WARN_ENUM_CONVERSION = YES;
				CLANG_WARN_INT_CONVERSION = YES;
				CLANG_WARN_OBJC_ROOT_CLASS = YES_ERROR;
				CLANG_WARN_UNREACHABLE_CODE = YES;
				CLANG_WARN__DUPLICATE_METHOD_MATCH = YES;
				"CODE_SIGN_IDENTITY[sdk=iphoneos*]" = "iPhone Developer";
				COPY_PHASE_STRIP = NO;
				DEBUG_INFORMATION_FORMAT = "dwarf-with-dsym";
				ENABLE_NS_ASSERTIONS = NO;
				ENABLE_STRICT_OBJC_MSGSEND = YES;
				GCC_C_LANGUAGE_STANDARD = gnu99;
				GCC_NO_COMMON_BLOCKS = YES;
				GCC_WARN_64_TO_32_BIT_CONVERSION = YES;
				GCC_WARN_ABOUT_RETURN_TYPE = YES_ERROR;
				GCC_WARN_UNDECLARED_SELECTOR = YES;
				GCC_WARN_UNINITIALIZED_AUTOS = YES_AGGRESSIVE;
				GCC_WARN_UNUSED_FUNCTION = YES;
				GCC_WARN_UNUSED_VARIABLE = YES;
				IPHONEOS_DEPLOYMENT_TARGET = 9.2;
				MTL_ENABLE_DEBUG_INFO = NO;
				SDKROOT = iphoneos;
				TARGETED_DEVICE_FAMILY = "1,2";
				VALIDATE_PRODUCT = YES;
			};
			name = Release;
		};
		024F2BA01C434AED0080DCB3 /* Debug */ = {
			isa = XCBuildConfiguration;
			buildSettings = {
				ASSETCATALOG_COMPILER_APPICON_NAME = AppIcon;
				INFOPLIST_FILE = MapasTareaTec/Info.plist;
				LD_RUNPATH_SEARCH_PATHS = "$(inherited) @executable_path/Frameworks";
				PRODUCT_BUNDLE_IDENTIFIER = com.MapasTareaTec;
				PRODUCT_NAME = "$(TARGET_NAME)";
			};
			name = Debug;
		};
		024F2BA11C434AED0080DCB3 /* Release */ = {
			isa = XCBuildConfiguration;
			buildSettings = {
				ASSETCATALOG_COMPILER_APPICON_NAME = AppIcon;
				INFOPLIST_FILE = MapasTareaTec/Info.plist;
				LD_RUNPATH_SEARCH_PATHS = "$(inherited) @executable_path/Frameworks";
				PRODUCT_BUNDLE_IDENTIFIER = com.MapasTareaTec;
				PRODUCT_NAME = "$(TARGET_NAME)";
			};
			name = Release;
		};
		024F2BA31C434AED0080DCB3 /* Debug */ = {
			isa = XCBuildConfiguration;
			buildSettings = {
				BUNDLE_LOADER = "$(TEST_HOST)";
				INFOPLIST_FILE = MapasTareaTecTests/Info.plist;
				LD_RUNPATH_SEARCH_PATHS = "$(inherited) @executable_path/Frameworks @loader_path/Frameworks";
				PRODUCT_BUNDLE_IDENTIFIER = com.MapasTareaTecTests;
				PRODUCT_NAME = "$(TARGET_NAME)";
				TEST_HOST = "$(BUILT_PRODUCTS_DIR)/MapasTareaTec.app/MapasTareaTec";
			};
			name = Debug;
		};
		024F2BA41C434AED0080DCB3 /* Release */ = {
			isa = XCBuildConfiguration;
			buildSettings = {
				BUNDLE_LOADER = "$(TEST_HOST)";
				INFOPLIST_FILE = MapasTareaTecTests/Info.plist;
				LD_RUNPATH_SEARCH_PATHS = "$(inherited) @executable_path/Frameworks @loader_path/Frameworks";
				PRODUCT_BUNDLE_IDENTIFIER = com.MapasTareaTecTests;
				PRODUCT_NAME = "$(TARGET_NAME)";
				TEST_HOST = "$(BUILT_PRODUCTS_DIR)/MapasTareaTec.app/MapasTareaTec";
			};
			name = Release;
		};
		024F2BA61C434AED0080DCB3 /* Debug */ = {
			isa = XCBuildConfiguration;
			buildSettings = {
				INFOPLIST_FILE = MapasTareaTecUITests/Info.plist;
				LD_RUNPATH_SEARCH_PATHS = "$(inherited) @executable_path/Frameworks @loader_path/Frameworks";
				PRODUCT_BUNDLE_IDENTIFIER = com.MapasTareaTecUITests;
				PRODUCT_NAME = "$(TARGET_NAME)";
				TEST_TARGET_NAME = MapasTareaTec;
				USES_XCTRUNNER = YES;
			};
			name = Debug;
		};
		024F2BA71C434AED0080DCB3 /* Release */ = {
			isa = XCBuildConfiguration;
			buildSettings = {
				INFOPLIST_FILE = MapasTareaTecUITests/Info.plist;
				LD_RUNPATH_SEARCH_PATHS = "$(inherited) @executable_path/Frameworks @loader_path/Frameworks";
				PRODUCT_BUNDLE_IDENTIFIER = com.MapasTareaTecUITests;
				PRODUCT_NAME = "$(TARGET_NAME)";
				TEST_TARGET_NAME = MapasTareaTec;
				USES_XCTRUNNER = YES;
			};
			name = Release;
		};
/* End XCBuildConfiguration section */

/* Begin XCConfigurationList section */
		024F2B721C434AEB0080DCB3 /* Build configuration list for PBXProject "MapasTareaTec" */ = {
			isa = XCConfigurationList;
			buildConfigurations = (
				024F2B9D1C434AED0080DCB3 /* Debug */,
				024F2B9E1C434AED0080DCB3 /* Release */,
			);
			defaultConfigurationIsVisible = 0;
			defaultConfigurationName = Release;
		};
		024F2B9F1C434AED0080DCB3 /* Build configuration list for PBXNativeTarget "MapasTareaTec" */ = {
			isa = XCConfigurationList;
			buildConfigurations = (
				024F2BA01C434AED0080DCB3 /* Debug */,
				024F2BA11C434AED0080DCB3 /* Release */,
			);
			defaultConfigurationIsVisible = 0;
		};
		024F2BA21C434AED0080DCB3 /* Build configuration list for PBXNativeTarget "MapasTareaTecTests" */ = {
			isa = XCConfigurationList;
			buildConfigurations = (
				024F2BA31C434AED0080DCB3 /* Debug */,
				024F2BA41C434AED0080DCB3 /* Release */,
			);
			defaultConfigurationIsVisible = 0;
		};
		024F2BA51C434AED0080DCB3 /* Build configuration list for PBXNativeTarget "MapasTareaTecUITests" */ = {
			isa = XCConfigurationList;
			buildConfigurations = (
				024F2BA61C434AED0080DCB3 /* Debug */,
				024F2BA71C434AED0080DCB3 /* Release */,
			);
			defaultConfigurationIsVisible = 0;
		};
/* End XCConfigurationList section */
	};
	rootObject = 024F2B6F1C434AEB0080DCB3 /* Project object */;
}
